// !$*UTF8*$!
{
	archiveVersion = 1;
	classes = {
	};
	objectVersion = 46;
	objects = {

/* Begin PBXBuildFile section */
		BB19EDC01EE7A27F00CD05EB /* AppScrubberTouchBarItem.swift in Sources */ = {isa = PBXBuildFile; fileRef = BB19EDBF1EE7A27F00CD05EB /* AppScrubberTouchBarItem.swift */; };
		BB385D301EE30C8200723427 /* DeprecatedCarbonAPI.c in Sources */ = {isa = PBXBuildFile; fileRef = BB385D2E1EE30C8200723427 /* DeprecatedCarbonAPI.c */; };
		BBCC721B1FFBB53F0090C7E0 /* Then.swift in Sources */ = {isa = PBXBuildFile; fileRef = BBCC721A1FFBB53F0090C7E0 /* Then.swift */; };
		BBCC721F1FFBB9020090C7E0 /* DFRFoundation.framework in Frameworks */ = {isa = PBXBuildFile; fileRef = BBCC721E1FFBB9020090C7E0 /* DFRFoundation.framework */; };
		BBE1CE511EE27A4300445D54 /* AppDelegate.swift in Sources */ = {isa = PBXBuildFile; fileRef = BBE1CE501EE27A4300445D54 /* AppDelegate.swift */; };
		BBE1CE551EE27A4300445D54 /* Assets.xcassets in Resources */ = {isa = PBXBuildFile; fileRef = BBE1CE541EE27A4300445D54 /* Assets.xcassets */; };
		BBE1CE581EE27A4400445D54 /* Main.storyboard in Resources */ = {isa = PBXBuildFile; fileRef = BBE1CE561EE27A4400445D54 /* Main.storyboard */; };
		BBE1CE691EE27BE300445D54 /* TouchBarController.swift in Sources */ = {isa = PBXBuildFile; fileRef = BBE1CE681EE27BE300445D54 /* TouchBarController.swift */; };
/* End PBXBuildFile section */

/* Begin PBXCopyFilesBuildPhase section */
		BB19EDC41EE7A82700CD05EB /* Embed Frameworks */ = {
			isa = PBXCopyFilesBuildPhase;
			buildActionMask = 2147483647;
			dstPath = "";
			dstSubfolderSpec = 10;
			files = (
			);
			name = "Embed Frameworks";
			runOnlyForDeploymentPostprocessing = 0;
		};
/* End PBXCopyFilesBuildPhase section */

/* Begin PBXFileReference section */
		BB19EDBF1EE7A27F00CD05EB /* AppScrubberTouchBarItem.swift */ = {isa = PBXFileReference; fileEncoding = 4; lastKnownFileType = sourcecode.swift; path = AppScrubberTouchBarItem.swift; sourceTree = "<group>"; };
		BB385D2E1EE30C8200723427 /* DeprecatedCarbonAPI.c */ = {isa = PBXFileReference; fileEncoding = 4; lastKnownFileType = sourcecode.c.c; name = DeprecatedCarbonAPI.c; path = CBridge/DeprecatedCarbonAPI.c; sourceTree = "<group>"; };
		BB385D2F1EE30C8200723427 /* DeprecatedCarbonAPI.h */ = {isa = PBXFileReference; fileEncoding = 4; lastKnownFileType = sourcecode.c.h; name = DeprecatedCarbonAPI.h; path = CBridge/DeprecatedCarbonAPI.h; sourceTree = "<group>"; };
		BBCC721A1FFBB53F0090C7E0 /* Then.swift */ = {isa = PBXFileReference; lastKnownFileType = sourcecode.swift; path = Then.swift; sourceTree = "<group>"; };
		BBCC721E1FFBB9020090C7E0 /* DFRFoundation.framework */ = {isa = PBXFileReference; lastKnownFileType = wrapper.framework; name = DFRFoundation.framework; path = /System/Library/PrivateFrameworks/DFRFoundation.framework; sourceTree = "<absolute>"; };
		BBE1CE4D1EE27A4300445D54 /* TouchDock.app */ = {isa = PBXFileReference; explicitFileType = wrapper.application; includeInIndex = 0; path = TouchDock.app; sourceTree = BUILT_PRODUCTS_DIR; };
		BBE1CE501EE27A4300445D54 /* AppDelegate.swift */ = {isa = PBXFileReference; lastKnownFileType = sourcecode.swift; path = AppDelegate.swift; sourceTree = "<group>"; };
		BBE1CE541EE27A4300445D54 /* Assets.xcassets */ = {isa = PBXFileReference; lastKnownFileType = folder.assetcatalog; path = Assets.xcassets; sourceTree = "<group>"; };
		BBE1CE571EE27A4400445D54 /* Base */ = {isa = PBXFileReference; lastKnownFileType = file.storyboard; name = Base; path = Base.lproj/Main.storyboard; sourceTree = "<group>"; };
		BBE1CE591EE27A4400445D54 /* Info.plist */ = {isa = PBXFileReference; lastKnownFileType = text.plist.xml; name = Info.plist; path = "Supporting Files/Info.plist"; sourceTree = "<group>"; };
		BBE1CE631EE27B2800445D54 /* TouchBarPrivateAPI.h */ = {isa = PBXFileReference; fileEncoding = 4; lastKnownFileType = sourcecode.c.h; name = TouchBarPrivateAPI.h; path = CBridge/TouchBarPrivateAPI.h; sourceTree = "<group>"; };
		BBE1CE641EE27B3800445D54 /* TouchDock-Bridging-Header.h */ = {isa = PBXFileReference; lastKnownFileType = sourcecode.c.h; name = "TouchDock-Bridging-Header.h"; path = "Supporting Files/TouchDock-Bridging-Header.h"; sourceTree = "<group>"; };
		BBE1CE681EE27BE300445D54 /* TouchBarController.swift */ = {isa = PBXFileReference; fileEncoding = 4; lastKnownFileType = sourcecode.swift; path = TouchBarController.swift; sourceTree = "<group>"; };
/* End PBXFileReference section */

/* Begin PBXFrameworksBuildPhase section */
		BBE1CE4A1EE27A4300445D54 /* Frameworks */ = {
			isa = PBXFrameworksBuildPhase;
			buildActionMask = 2147483647;
			files = (
				BBCC721F1FFBB9020090C7E0 /* DFRFoundation.framework in Frameworks */,
			);
			runOnlyForDeploymentPostprocessing = 0;
		};
/* End PBXFrameworksBuildPhase section */

/* Begin PBXGroup section */
		BB6D867A1EE3A99C00FC9A10 /* CBridge */ = {
			isa = PBXGroup;
			children = (
				BBE1CE631EE27B2800445D54 /* TouchBarPrivateAPI.h */,
				BB385D2F1EE30C8200723427 /* DeprecatedCarbonAPI.h */,
				BB385D2E1EE30C8200723427 /* DeprecatedCarbonAPI.c */,
			);
			name = CBridge;
			sourceTree = "<group>";
		};
		BBCC721D1FFBB9010090C7E0 /* Frameworks */ = {
			isa = PBXGroup;
			children = (
				BBCC721E1FFBB9020090C7E0 /* DFRFoundation.framework */,
			);
			name = Frameworks;
			sourceTree = "<group>";
		};
		BBE1CE441EE27A4300445D54 = {
			isa = PBXGroup;
			children = (
				BBE1CE4F1EE27A4300445D54 /* TouchDock */,
				BBE1CE4E1EE27A4300445D54 /* Products */,
				BBCC721D1FFBB9010090C7E0 /* Frameworks */,
			);
			sourceTree = "<group>";
		};
		BBE1CE4E1EE27A4300445D54 /* Products */ = {
			isa = PBXGroup;
			children = (
				BBE1CE4D1EE27A4300445D54 /* TouchDock.app */,
			);
			name = Products;
			sourceTree = "<group>";
		};
		BBE1CE4F1EE27A4300445D54 /* TouchDock */ = {
			isa = PBXGroup;
			children = (
				BBE1CE501EE27A4300445D54 /* AppDelegate.swift */,
				BBE1CE681EE27BE300445D54 /* TouchBarController.swift */,
				BB19EDBF1EE7A27F00CD05EB /* AppScrubberTouchBarItem.swift */,
				BBCC721A1FFBB53F0090C7E0 /* Then.swift */,
				BBE1CE561EE27A4400445D54 /* Main.storyboard */,
				BB6D867A1EE3A99C00FC9A10 /* CBridge */,
				BBE1CE5F1EE27AFB00445D54 /* Supporting Files */,
			);
			path = TouchDock;
			sourceTree = "<group>";
		};
		BBE1CE5F1EE27AFB00445D54 /* Supporting Files */ = {
			isa = PBXGroup;
			children = (
				BBE1CE641EE27B3800445D54 /* TouchDock-Bridging-Header.h */,
				BBE1CE541EE27A4300445D54 /* Assets.xcassets */,
				BBE1CE591EE27A4400445D54 /* Info.plist */,
			);
			name = "Supporting Files";
			sourceTree = "<group>";
		};
/* End PBXGroup section */

/* Begin PBXNativeTarget section */
		BBE1CE4C1EE27A4300445D54 /* TouchDock */ = {
			isa = PBXNativeTarget;
			buildConfigurationList = BBE1CE5C1EE27A4400445D54 /* Build configuration list for PBXNativeTarget "TouchDock" */;
			buildPhases = (
				BBE1CE491EE27A4300445D54 /* Sources */,
				BBE1CE4A1EE27A4300445D54 /* Frameworks */,
				BBE1CE4B1EE27A4300445D54 /* Resources */,
				BB19EDC41EE7A82700CD05EB /* Embed Frameworks */,
				BB19EDC51EE7ABEB00CD05EB /* ShellScript */,
			);
			buildRules = (
			);
			dependencies = (
			);
			name = TouchDock;
			productName = TouchDock;
			productReference = BBE1CE4D1EE27A4300445D54 /* TouchDock.app */;
			productType = "com.apple.product-type.application";
		};
/* End PBXNativeTarget section */

/* Begin PBXProject section */
		BBE1CE451EE27A4300445D54 /* Project object */ = {
			isa = PBXProject;
			attributes = {
				LastSwiftUpdateCheck = 0830;
				LastUpgradeCheck = 0830;
				ORGANIZATIONNAME = ddddxxx;
				TargetAttributes = {
					BBE1CE4C1EE27A4300445D54 = {
						CreatedOnToolsVersion = 8.3.2;
						LastSwiftMigration = 0830;
						ProvisioningStyle = Automatic;
					};
				};
			};
			buildConfigurationList = BBE1CE481EE27A4300445D54 /* Build configuration list for PBXProject "TouchDock" */;
			compatibilityVersion = "Xcode 3.2";
			developmentRegion = English;
			hasScannedForEncodings = 0;
			knownRegions = (
				en,
				Base,
			);
			mainGroup = BBE1CE441EE27A4300445D54;
			productRefGroup = BBE1CE4E1EE27A4300445D54 /* Products */;
			projectDirPath = "";
			projectRoot = "";
			targets = (
				BBE1CE4C1EE27A4300445D54 /* TouchDock */,
			);
		};
/* End PBXProject section */

/* Begin PBXResourcesBuildPhase section */
		BBE1CE4B1EE27A4300445D54 /* Resources */ = {
			isa = PBXResourcesBuildPhase;
			buildActionMask = 2147483647;
			files = (
				BBE1CE551EE27A4300445D54 /* Assets.xcassets in Resources */,
				BBE1CE581EE27A4400445D54 /* Main.storyboard in Resources */,
			);
			runOnlyForDeploymentPostprocessing = 0;
		};
/* End PBXResourcesBuildPhase section */

/* Begin PBXShellScriptBuildPhase section */
		BB19EDC51EE7ABEB00CD05EB /* ShellScript */ = {
			isa = PBXShellScriptBuildPhase;
			buildActionMask = 2147483647;
			files = (
			);
			inputPaths = (
			);
			outputPaths = (
			);
			runOnlyForDeploymentPostprocessing = 0;
			shellPath = /bin/sh;
			shellScript = "buildNumber=$(/usr/libexec/PlistBuddy -c \"Print CFBundleVersion\" \"${PROJECT_DIR}/${INFOPLIST_FILE}\")\nbuildNumber=$(($buildNumber + 1))\n/usr/libexec/PlistBuddy -c \"Set :CFBundleVersion $buildNumber\" \"${PROJECT_DIR}/${INFOPLIST_FILE}\"";
		};
/* End PBXShellScriptBuildPhase section */

/* Begin PBXSourcesBuildPhase section */
		BBE1CE491EE27A4300445D54 /* Sources */ = {
			isa = PBXSourcesBuildPhase;
			buildActionMask = 2147483647;
			files = (
				BB19EDC01EE7A27F00CD05EB /* AppScrubberTouchBarItem.swift in Sources */,
				BBE1CE511EE27A4300445D54 /* AppDelegate.swift in Sources */,
				BBE1CE691EE27BE300445D54 /* TouchBarController.swift in Sources */,
				BBCC721B1FFBB53F0090C7E0 /* Then.swift in Sources */,
				BB385D301EE30C8200723427 /* DeprecatedCarbonAPI.c in Sources */,
			);
			runOnlyForDeploymentPostprocessing = 0;
		};
/* End PBXSourcesBuildPhase section */

/* Begin PBXVariantGroup section */
		BBE1CE561EE27A4400445D54 /* Main.storyboard */ = {
			isa = PBXVariantGroup;
			children = (
				BBE1CE571EE27A4400445D54 /* Base */,
			);
			name = Main.storyboard;
			sourceTree = "<group>";
		};
/* End PBXVariantGroup section */

/* Begin XCBuildConfiguration section */
		BBE1CE5A1EE27A4400445D54 /* Debug */ = {
			isa = XCBuildConfiguration;
			buildSettings = {
				ALWAYS_SEARCH_USER_PATHS = NO;
				CLANG_ANALYZER_NONNULL = YES;
				CLANG_ANALYZER_NUMBER_OBJECT_CONVERSION = YES_AGGRESSIVE;
				CLANG_CXX_LANGUAGE_STANDARD = "gnu++0x";
				CLANG_CXX_LIBRARY = "libc++";
				CLANG_ENABLE_MODULES = YES;
				CLANG_ENABLE_OBJC_ARC = YES;
				CLANG_WARN_BOOL_CONVERSION = YES;
				CLANG_WARN_CONSTANT_CONVERSION = YES;
				CLANG_WARN_DIRECT_OBJC_ISA_USAGE = YES_ERROR;
				CLANG_WARN_DOCUMENTATION_COMMENTS = YES;
				CLANG_WARN_EMPTY_BODY = YES;
				CLANG_WARN_ENUM_CONVERSION = YES;
				CLANG_WARN_INFINITE_RECURSION = YES;
				CLANG_WARN_INT_CONVERSION = YES;
				CLANG_WARN_OBJC_ROOT_CLASS = YES_ERROR;
				CLANG_WARN_SUSPICIOUS_MOVE = YES;
				CLANG_WARN_UNREACHABLE_CODE = YES;
				CLANG_WARN__DUPLICATE_METHOD_MATCH = YES;
				CODE_SIGN_IDENTITY = "-";
				COPY_PHASE_STRIP = NO;
				DEBUG_INFORMATION_FORMAT = dwarf;
				ENABLE_STRICT_OBJC_MSGSEND = YES;
				ENABLE_TESTABILITY = YES;
				GCC_C_LANGUAGE_STANDARD = gnu99;
				GCC_DYNAMIC_NO_PIC = NO;
				GCC_NO_COMMON_BLOCKS = YES;
				GCC_OPTIMIZATION_LEVEL = 0;
				GCC_PREPROCESSOR_DEFINITIONS = (
					"DEBUG=1",
					"$(inherited)",
				);
				GCC_WARN_64_TO_32_BIT_CONVERSION = YES;
				GCC_WARN_ABOUT_RETURN_TYPE = YES_ERROR;
				GCC_WARN_UNDECLARED_SELECTOR = YES;
				GCC_WARN_UNINITIALIZED_AUTOS = YES_AGGRESSIVE;
				GCC_WARN_UNUSED_FUNCTION = YES;
				GCC_WARN_UNUSED_VARIABLE = YES;
				MACOSX_DEPLOYMENT_TARGET = 10.13;
				MTL_ENABLE_DEBUG_INFO = YES;
				ONLY_ACTIVE_ARCH = YES;
				SDKROOT = macosx;
				SWIFT_ACTIVE_COMPILATION_CONDITIONS = DEBUG;
				SWIFT_OPTIMIZATION_LEVEL = "-Onone";
			};
			name = Debug;
		};
		BBE1CE5B1EE27A4400445D54 /* Release */ = {
			isa = XCBuildConfiguration;
			buildSettings = {
				ALWAYS_SEARCH_USER_PATHS = NO;
				CLANG_ANALYZER_NONNULL = YES;
				CLANG_ANALYZER_NUMBER_OBJECT_CONVERSION = YES_AGGRESSIVE;
				CLANG_CXX_LANGUAGE_STANDARD = "gnu++0x";
				CLANG_CXX_LIBRARY = "libc++";
				CLANG_ENABLE_MODULES = YES;
				CLANG_ENABLE_OBJC_ARC = YES;
				CLANG_WARN_BOOL_CONVERSION = YES;
				CLANG_WARN_CONSTANT_CONVERSION = YES;
				CLANG_WARN_DIRECT_OBJC_ISA_USAGE = YES_ERROR;
				CLANG_WARN_DOCUMENTATION_COMMENTS = YES;
				CLANG_WARN_EMPTY_BODY = YES;
				CLANG_WARN_ENUM_CONVERSION = YES;
				CLANG_WARN_INFINITE_RECURSION = YES;
				CLANG_WARN_INT_CONVERSION = YES;
				CLANG_WARN_OBJC_ROOT_CLASS = YES_ERROR;
				CLANG_WARN_SUSPICIOUS_MOVE = YES;
				CLANG_WARN_UNREACHABLE_CODE = YES;
				CLANG_WARN__DUPLICATE_METHOD_MATCH = YES;
				CODE_SIGN_IDENTITY = "-";
				COPY_PHASE_STRIP = NO;
				DEBUG_INFORMATION_FORMAT = "dwarf-with-dsym";
				ENABLE_NS_ASSERTIONS = NO;
				ENABLE_STRICT_OBJC_MSGSEND = YES;
				GCC_C_LANGUAGE_STANDARD = gnu99;
				GCC_NO_COMMON_BLOCKS = YES;
				GCC_WARN_64_TO_32_BIT_CONVERSION = YES;
				GCC_WARN_ABOUT_RETURN_TYPE = YES_ERROR;
				GCC_WARN_UNDECLARED_SELECTOR = YES;
				GCC_WARN_UNINITIALIZED_AUTOS = YES_AGGRESSIVE;
				GCC_WARN_UNUSED_FUNCTION = YES;
				GCC_WARN_UNUSED_VARIABLE = YES;
				MACOSX_DEPLOYMENT_TARGET = 10.13;
				MTL_ENABLE_DEBUG_INFO = NO;
				SDKROOT = macosx;
				SWIFT_OPTIMIZATION_LEVEL = "-Owholemodule";
			};
			name = Release;
		};
		BBE1CE5D1EE27A4400445D54 /* Debug */ = {
			isa = XCBuildConfiguration;
			buildSettings = {
				ASSETCATALOG_COMPILER_APPICON_NAME = AppIcon;
				CLANG_ENABLE_MODULES = YES;
				COMBINE_HIDPI_IMAGES = YES;
				FRAMEWORK_SEARCH_PATHS = (
					"$(inherited)",
					"$(SYSTEM_LIBRARY_DIR)/PrivateFrameworks",
				);
				INFOPLIST_FILE = "TouchDock/Supporting Files/Info.plist";
				LD_RUNPATH_SEARCH_PATHS = "$(inherited) @executable_path/../Frameworks";
				PRODUCT_BUNDLE_IDENTIFIER = ddddxxx.TouchDock;
				PRODUCT_NAME = "$(TARGET_NAME)";
				SWIFT_OBJC_BRIDGING_HEADER = "TouchDock/Supporting Files/TouchDock-Bridging-Header.h";
				SWIFT_OPTIMIZATION_LEVEL = "-Onone";
				SWIFT_VERSION = 3.0;
			};
			name = Debug;
		};
		BBE1CE5E1EE27A4400445D54 /* Release */ = {
			isa = XCBuildConfiguration;
			buildSettings = {
				ASSETCATALOG_COMPILER_APPICON_NAME = AppIcon;
				CLANG_ENABLE_MODULES = YES;
				COMBINE_HIDPI_IMAGES = YES;
				FRAMEWORK_SEARCH_PATHS = (
					"$(inherited)",
					"$(PROJECT_DIR)/TouchDock/Frameworks",
					"$(PROJECT_DIR)/Carthage/Build/Mac",
					"$(SYSTEM_LIBRARY_DIR)/PrivateFrameworks",
				);
				INFOPLIST_FILE = "TouchDock/Supporting Files/Info.plist";
				LD_RUNPATH_SEARCH_PATHS = "$(inherited) @executable_path/../Frameworks";
				PRODUCT_BUNDLE_IDENTIFIER = ddddxxx.TouchDock;
				PRODUCT_NAME = "$(TARGET_NAME)";
				SWIFT_OBJC_BRIDGING_HEADER = "TouchDock/Supporting Files/TouchDock-Bridging-Header.h";
				SWIFT_VERSION = 3.0;
			};
			name = Release;
		};
/* End XCBuildConfiguration section */

/* Begin XCConfigurationList section */
		BBE1CE481EE27A4300445D54 /* Build configuration list for PBXProject "TouchDock" */ = {
			isa = XCConfigurationList;
			buildConfigurations = (
				BBE1CE5A1EE27A4400445D54 /* Debug */,
				BBE1CE5B1EE27A4400445D54 /* Release */,
			);
			defaultConfigurationIsVisible = 0;
			defaultConfigurationName = Release;
		};
		BBE1CE5C1EE27A4400445D54 /* Build configuration list for PBXNativeTarget "TouchDock" */ = {
			isa = XCConfigurationList;
			buildConfigurations = (
				BBE1CE5D1EE27A4400445D54 /* Debug */,
				BBE1CE5E1EE27A4400445D54 /* Release */,
			);
			defaultConfigurationIsVisible = 0;
			defaultConfigurationName = Release;
		};
/* End XCConfigurationList section */
	};
	rootObject = BBE1CE451EE27A4300445D54 /* Project object */;
}
